Microsoft Visual Studio Solution File, Format Version 12.00
# Visual Studio Version 17
VisualStudioVersion = 17.5.2.0
MinimumVisualStudioVersion = 10.0.40219.1
Project("{FAE04EC0-301F-11D3-BF4B-00C04F79EFBC}") = "CROPDEAL", "CROPDEAL.csproj", "{A5A636AB-C5EE-8BB8-5590-512768A9AABD}"
EndProject
Global
	GlobalSection(SolutionConfigurationPlatforms) = preSolution
		Debug|Any CPU = Debug|Any CPU
		Release|Any CPU = Release|Any CPU
	EndGlobalSection
	GlobalSection(ProjectConfigurationPlatforms) = postSolution
		{A5A636AB-C5EE-8BB8-5590-512768A9AABD}.Debug|Any CPU.ActiveCfg = Debug|Any CPU
		{A5A636AB-C5EE-8BB8-5590-512768A9AABD}.Debug|Any CPU.Build.0 = Debug|Any CPU
		{A5A636AB-C5EE-8BB8-5590-512768A9AABD}.Release|Any CPU.ActiveCfg = Release|Any CPU
		{A5A636AB-C5EE-8BB8-5590-512768A9AABD}.Release|Any CPU.Build.0 = Release|Any CPU
	EndGlobalSection
	GlobalSection(SolutionProperties) = preSolution
		HideSolutionNode = FALSE
	EndGlobalSection
	GlobalSection(ExtensibilityGlobals) = postSolution
		SolutionGuid = {F94FA46B-DFB8-4470-B3B9-D7AFDC774AA8}
	EndGlobalSection
EndGlobal
