Microsoft Visual Studio Solution File, Format Version 12.00
# Visual Studio Version 17
VisualStudioVersion = 17.5.2.0
MinimumVisualStudioVersion = 10.0.40219.1
Project("{FAE04EC0-301F-11D3-BF4B-00C04F79EFBC}") = "Bus_Booking_Web_Api", "Bus_Booking_Web_Api.csproj", "{1CB873EF-41CF-C050-310E-6B48AB59988D}"
EndProject
Global
	GlobalSection(SolutionConfigurationPlatforms) = preSolution
		Debug|Any CPU = Debug|Any CPU
		Release|Any CPU = Release|Any CPU
	EndGlobalSection
	GlobalSection(ProjectConfigurationPlatforms) = postSolution
		{1CB873EF-41CF-C050-310E-6B48AB59988D}.Debug|Any CPU.ActiveCfg = Debug|Any CPU
		{1CB873EF-41CF-C050-310E-6B48AB59988D}.Debug|Any CPU.Build.0 = Debug|Any CPU
		{1CB873EF-41CF-C050-310E-6B48AB59988D}.Release|Any CPU.ActiveCfg = Release|Any CPU
		{1CB873EF-41CF-C050-310E-6B48AB59988D}.Release|Any CPU.Build.0 = Release|Any CPU
	EndGlobalSection
	GlobalSection(SolutionProperties) = preSolution
		HideSolutionNode = FALSE
	EndGlobalSection
	GlobalSection(ExtensibilityGlobals) = postSolution
		SolutionGuid = {7FAE7315-4440-4D06-AEDA-3959C919E743}
	EndGlobalSection
EndGlobal
